Microsoft Visual Studio Solution File, Format Version 12.00
# Visual Studio Version 17
VisualStudioVersion = 17.5.2.0
MinimumVisualStudioVersion = 10.0.40219.1
Project("{FAE04EC0-301F-11D3-BF4B-00C04F79EFBC}") = "ScheduleApi", "ScheduleApi\ScheduleApi.csproj", "{36CBC00B-0989-EDEB-6F78-D47F8AD3BE74}"
EndProject
Global
	GlobalSection(SolutionConfigurationPlatforms) = preSolution
		Debug|Any CPU = Debug|Any CPU
		Release|Any CPU = Release|Any CPU
	EndGlobalSection
	GlobalSection(ProjectConfigurationPlatforms) = postSolution
		{36CBC00B-0989-EDEB-6F78-D47F8AD3BE74}.Debug|Any CPU.ActiveCfg = Debug|Any CPU
		{36CBC00B-0989-EDEB-6F78-D47F8AD3BE74}.Debug|Any CPU.Build.0 = Debug|Any CPU
		{36CBC00B-0989-EDEB-6F78-D47F8AD3BE74}.Release|Any CPU.ActiveCfg = Release|Any CPU
		{36CBC00B-0989-EDEB-6F78-D47F8AD3BE74}.Release|Any CPU.Build.0 = Release|Any CPU
	EndGlobalSection
	GlobalSection(SolutionProperties) = preSolution
		HideSolutionNode = FALSE
	EndGlobalSection
	GlobalSection(ExtensibilityGlobals) = postSolution
		SolutionGuid = {2BF24146-05AF-498B-862E-13936AA030E1}
	EndGlobalSection
EndGlobal
